{
  "nodes": {
    "dankMaterialShell": {
      "inputs": {
        "dgop": "dgop",
        "nixpkgs": [
          "nixpkgs-unstable"
        ],
        "quickshell": "quickshell"
      },
      "locked": {
        "lastModified": 1765552734,
        "narHash": "sha256-rWjWYu5rs3ZOJ4YJpvIscBZSYu74thJHc0VYyYKJTUc=",
        "owner": "AvengeMedia",
        "repo": "DankMaterialShell",
        "rev": "7fb358bada0d3a229ec5ee6aaad0f9b64f367331",
        "type": "github"
      },
      "original": {
        "owner": "AvengeMedia",
        "ref": "stable",
        "repo": "DankMaterialShell",
        "type": "github"
      }
    },
    "dgop": {
      "inputs": {
        "nixpkgs": [
          "dankMaterialShell",
          "nixpkgs"
        ]
      },
      "locked": {
        "lastModified": 1762835999,
        "narHash": "sha256-UykYGrGFOFTmDpKTLNxj1wvd1gbDG4TkqLNSbV0TYwk=",
        "owner": "AvengeMedia",
        "repo": "dgop",
        "rev": "799301991cd5dcea9b64245f9d500dcc76615653",
        "type": "github"
      },
      "original": {
        "owner": "AvengeMedia",
        "repo": "dgop",
        "type": "github"
      }
    },
    "flake-utils": {
      "inputs": {
        "systems": [
          "openconnect-sso",
          "systems"
        ]
      },
      "locked": {
        "lastModified": 1710146030,
        "narHash": "sha256-SZ5L6eA7HJ/nmkzGG7/ISclqe6oZdOZTNoesiInkXPQ=",
        "owner": "numtide",
        "repo": "flake-utils",
        "rev": "b1d9ab70662946ef0850d488da1c9019f3a9752a",
        "type": "github"
      },
      "original": {
        "owner": "numtide",
        "repo": "flake-utils",
        "type": "github"
      }
    },
    "home-manager": {
      "inputs": {
        "nixpkgs": [
          "nixpkgs"
        ]
      },
      "locked": {
        "lastModified": 1767024057,
        "narHash": "sha256-B1aycRjMRvb6QOGbnqDhiDzZwMebj5jxZ5qyJzaKvpI=",
        "owner": "nix-community",
        "repo": "home-manager",
        "rev": "34578a2fdfce4257ce5f5baf6e7efbd4e4e252b1",
        "type": "github"
      },
      "original": {
        "owner": "nix-community",
        "ref": "release-25.11",
        "repo": "home-manager",
        "type": "github"
      }
    },
    "nix-github-actions": {
      "inputs": {
        "nixpkgs": [
          "openconnect-sso",
          "nixpkgs"
        ]
      },
      "locked": {
        "lastModified": 1720066371,
        "narHash": "sha256-uPlLYH2S0ACj0IcgaK9Lsf4spmJoGejR9DotXiXSBZQ=",
        "owner": "nix-community",
        "repo": "nix-github-actions",
        "rev": "622f829f5fe69310a866c8a6cd07e747c44ef820",
        "type": "github"
      },
      "original": {
        "owner": "nix-community",
        "repo": "nix-github-actions",
        "type": "github"
      }
    },
    "nixpkgs": {
      "locked": {
        "lastModified": 1766885793,
        "narHash": "sha256-P6RVkrM9JLCW6xBjSwHfgTOQ1JwBUma5xe5LI8xAPC0=",
        "owner": "NixOS",
        "repo": "nixpkgs",
        "rev": "9ef261221d1e72399f2036786498d78c38185c46",
        "type": "github"
      },
      "original": {
        "owner": "NixOS",
        "ref": "nixos-25.11",
        "repo": "nixpkgs",
        "type": "github"
      }
    },
    "nixpkgs-unstable": {
      "locked": {
        "lastModified": 1766902085,
        "narHash": "sha256-coBu0ONtFzlwwVBzmjacUQwj3G+lybcZ1oeNSQkgC0M=",
        "owner": "NixOS",
        "repo": "nixpkgs",
        "rev": "c0b0e0fddf73fd517c3471e546c0df87a42d53f4",
        "type": "github"
      },
      "original": {
        "owner": "NixOS",
        "ref": "nixos-unstable",
        "repo": "nixpkgs",
        "type": "github"
      }
    },
    "openconnect-sso": {
      "inputs": {
        "flake-utils": "flake-utils",
        "nix-github-actions": "nix-github-actions",
        "nixpkgs": [
          "nixpkgs"
        ],
        "poetry2nix": "poetry2nix",
        "systems": "systems",
        "treefmt-nix": "treefmt-nix"
      },
      "locked": {
        "lastModified": 1758594056,
        "narHash": "sha256-6XyKDRWqBngw1g73e789iyIaw/0VF04ELk/ATtlkTVU=",
        "owner": "ThinkChaos",
        "repo": "openconnect-sso",
        "rev": "2041471efd331d0591d34e122aefb02690fb233a",
        "type": "github"
      },
      "original": {
        "owner": "ThinkChaos",
        "ref": "fix/nix-flake",
        "repo": "openconnect-sso",
        "type": "github"
      }
    },
    "poetry2nix": {
      "inputs": {
        "flake-utils": [
          "openconnect-sso",
          "flake-utils"
        ],
        "nix-github-actions": [
          "openconnect-sso",
          "nix-github-actions"
        ],
        "nixpkgs": [
          "openconnect-sso",
          "nixpkgs"
        ],
        "systems": [
          "openconnect-sso",
          "systems"
        ],
        "treefmt-nix": [
          "openconnect-sso",
          "treefmt-nix"
        ]
      },
      "locked": {
        "lastModified": 1721039874,
        "narHash": "sha256-XANsG9GYHip8pxZpbqKf/YGv8tIa0xTh289Y+WNBNfw=",
        "owner": "nix-community",
        "repo": "poetry2nix",
        "rev": "d11c01e58587e5f21037ed6477465a7f26a32e27",
        "type": "github"
      },
      "original": {
        "owner": "nix-community",
        "repo": "poetry2nix",
        "type": "github"
      }
    },
    "quickshell": {
      "inputs": {
        "nixpkgs": [
          "dankMaterialShell",
          "nixpkgs"
        ]
      },
      "locked": {
        "lastModified": 1764663772,
        "narHash": "sha256-sHqLmm0wAt3PC4vczJeBozI1/f4rv9yp3IjkClHDXDs=",
        "ref": "refs/heads/master",
        "rev": "26531fc46ef17e9365b03770edd3fb9206fcb460",
        "revCount": 713,
        "type": "git",
        "url": "https://git.outfoxxed.me/quickshell/quickshell"
      },
      "original": {
        "rev": "26531fc46ef17e9365b03770edd3fb9206fcb460",
        "type": "git",
        "url": "https://git.outfoxxed.me/quickshell/quickshell"
      }
    },
    "root": {
      "inputs": {
        "dankMaterialShell": "dankMaterialShell",
        "home-manager": "home-manager",
        "nixpkgs": "nixpkgs",
        "nixpkgs-unstable": "nixpkgs-unstable",
        "openconnect-sso": "openconnect-sso"
      }
    },
    "systems": {
      "locked": {
        "lastModified": 1681028828,
        "narHash": "sha256-Vy1rq5AaRuLzOxct8nz4T6wlgyUR7zLU309k9mBC768=",
        "owner": "nix-systems",
        "repo": "default",
        "rev": "da67096a3b9bf56a91d16901293e51ba5b49a27e",
        "type": "github"
      },
      "original": {
        "owner": "nix-systems",
        "repo": "default",
        "type": "github"
      }
    },
    "treefmt-nix": {
      "inputs": {
        "nixpkgs": [
          "openconnect-sso",
          "nixpkgs"
        ]
      },
      "locked": {
        "lastModified": 1721769617,
        "narHash": "sha256-6Pqa0bi5nV74IZcENKYRToRNM5obo1EQ+3ihtunJ014=",
        "owner": "numtide",
        "repo": "treefmt-nix",
        "rev": "8db8970be1fb8be9c845af7ebec53b699fe7e009",
        "type": "github"
      },
      "original": {
        "owner": "numtide",
        "repo": "treefmt-nix",
        "type": "github"
      }
    }
  },
  "root": "root",
  "version": 7
}
